
Microsoft Visual Studio Solution File, Format Version 12.00
# Visual Studio Version 16
VisualStudioVersion = 16.0.28922.388
MinimumVisualStudioVersion = 10.0.40219.1
Project("{8BC9CEB8-8B4A-11D0-8D11-00A0C91BC942}") = "1_TextFileProcessing", "1_TextFileProcessing\1_TextFileProcessing.vcxproj", "{CA6B517E-CE14-4346-B8BB-797CA735F07B}"
EndProject
Project("{8BC9CEB8-8B4A-11D0-8D11-00A0C91BC942}") = "2_PointersAndDataTypes", "2_PointersAndDataTypes\2_PointersAndDataTypes.vcxproj", "{1F7ABE21-E9BF-4EA1-BCEF-EB161F83A72F}"
EndProject
Project("{8BC9CEB8-8B4A-11D0-8D11-00A0C91BC942}") = "3_UnionsAndStructures", "3_UnionsAndStructures\3_UnionsAndStructures.vcxproj", "{7DD3BE53-4156-4522-9914-735F34797852}"
EndProject
Project("{8BC9CEB8-8B4A-11D0-8D11-00A0C91BC942}") = "4_LinkedLists", "4_LinkedLists\4_LinkedLists.vcxproj", "{652487D9-F763-4C82-8943-9075819BAA69}"
EndProject
Global
	GlobalSection(SolutionConfigurationPlatforms) = preSolution
		Debug|x64 = Debug|x64
		Debug|x86 = Debug|x86
		Release|x64 = Release|x64
		Release|x86 = Release|x86
	EndGlobalSection
	GlobalSection(ProjectConfigurationPlatforms) = postSolution
		{CA6B517E-CE14-4346-B8BB-797CA735F07B}.Debug|x64.ActiveCfg = Debug|x64
		{CA6B517E-CE14-4346-B8BB-797CA735F07B}.Debug|x64.Build.0 = Debug|x64
		{CA6B517E-CE14-4346-B8BB-797CA735F07B}.Debug|x86.ActiveCfg = Debug|Win32
		{CA6B517E-CE14-4346-B8BB-797CA735F07B}.Debug|x86.Build.0 = Debug|Win32
		{CA6B517E-CE14-4346-B8BB-797CA735F07B}.Release|x64.ActiveCfg = Release|x64
		{CA6B517E-CE14-4346-B8BB-797CA735F07B}.Release|x64.Build.0 = Release|x64
		{CA6B517E-CE14-4346-B8BB-797CA735F07B}.Release|x86.ActiveCfg = Release|Win32
		{CA6B517E-CE14-4346-B8BB-797CA735F07B}.Release|x86.Build.0 = Release|Win32
		{1F7ABE21-E9BF-4EA1-BCEF-EB161F83A72F}.Debug|x64.ActiveCfg = Debug|x64
		{1F7ABE21-E9BF-4EA1-BCEF-EB161F83A72F}.Debug|x64.Build.0 = Debug|x64
		{1F7ABE21-E9BF-4EA1-BCEF-EB161F83A72F}.Debug|x86.ActiveCfg = Debug|Win32
		{1F7ABE21-E9BF-4EA1-BCEF-EB161F83A72F}.Debug|x86.Build.0 = Debug|Win32
		{1F7ABE21-E9BF-4EA1-BCEF-EB161F83A72F}.Release|x64.ActiveCfg = Release|x64
		{1F7ABE21-E9BF-4EA1-BCEF-EB161F83A72F}.Release|x64.Build.0 = Release|x64
		{1F7ABE21-E9BF-4EA1-BCEF-EB161F83A72F}.Release|x86.ActiveCfg = Release|Win32
		{1F7ABE21-E9BF-4EA1-BCEF-EB161F83A72F}.Release|x86.Build.0 = Release|Win32
		{7DD3BE53-4156-4522-9914-735F34797852}.Debug|x64.ActiveCfg = Debug|x64
		{7DD3BE53-4156-4522-9914-735F34797852}.Debug|x64.Build.0 = Debug|x64
		{7DD3BE53-4156-4522-9914-735F34797852}.Debug|x86.ActiveCfg = Debug|Win32
		{7DD3BE53-4156-4522-9914-735F34797852}.Debug|x86.Build.0 = Debug|Win32
		{7DD3BE53-4156-4522-9914-735F34797852}.Release|x64.ActiveCfg = Release|x64
		{7DD3BE53-4156-4522-9914-735F34797852}.Release|x64.Build.0 = Release|x64
		{7DD3BE53-4156-4522-9914-735F34797852}.Release|x86.ActiveCfg = Release|Win32
		{7DD3BE53-4156-4522-9914-735F34797852}.Release|x86.Build.0 = Release|Win32
		{652487D9-F763-4C82-8943-9075819BAA69}.Debug|x64.ActiveCfg = Debug|x64
		{652487D9-F763-4C82-8943-9075819BAA69}.Debug|x64.Build.0 = Debug|x64
		{652487D9-F763-4C82-8943-9075819BAA69}.Debug|x86.ActiveCfg = Debug|Win32
		{652487D9-F763-4C82-8943-9075819BAA69}.Debug|x86.Build.0 = Debug|Win32
		{652487D9-F763-4C82-8943-9075819BAA69}.Release|x64.ActiveCfg = Release|x64
		{652487D9-F763-4C82-8943-9075819BAA69}.Release|x64.Build.0 = Release|x64
		{652487D9-F763-4C82-8943-9075819BAA69}.Release|x86.ActiveCfg = Release|Win32
		{652487D9-F763-4C82-8943-9075819BAA69}.Release|x86.Build.0 = Release|Win32
	EndGlobalSection
	GlobalSection(SolutionProperties) = preSolution
		HideSolutionNode = FALSE
	EndGlobalSection
	GlobalSection(ExtensibilityGlobals) = postSolution
		SolutionGuid = {2B5B3892-D252-46A4-B3C3-FBD2110A445F}
	EndGlobalSection
EndGlobal
